
Microsoft Visual Studio Solution File, Format Version 12.00
# Visual Studio Version 17
VisualStudioVersion = 17.3.32901.215
MinimumVisualStudioVersion = 10.0.40219.1
Project("{FAE04EC0-301F-11D3-BF4B-00C04F79EFBC}") = "qa-webappVS", "qa-webappVS\qa-webappVS.csproj", "{408826B6-4DAF-497A-B0C3-E7F54876A32A}"
EndProject
Global
	GlobalSection(SolutionConfigurationPlatforms) = preSolution
		Debug|Any CPU = Debug|Any CPU
		Release|Any CPU = Release|Any CPU
	EndGlobalSection
	GlobalSection(ProjectConfigurationPlatforms) = postSolution
		{408826B6-4DAF-497A-B0C3-E7F54876A32A}.Debug|Any CPU.ActiveCfg = Debug|Any CPU
		{408826B6-4DAF-497A-B0C3-E7F54876A32A}.Debug|Any CPU.Build.0 = Debug|Any CPU
		{408826B6-4DAF-497A-B0C3-E7F54876A32A}.Release|Any CPU.ActiveCfg = Release|Any CPU
		{408826B6-4DAF-497A-B0C3-E7F54876A32A}.Release|Any CPU.Build.0 = Release|Any CPU
	EndGlobalSection
	GlobalSection(SolutionProperties) = preSolution
		HideSolutionNode = FALSE
	EndGlobalSection
	GlobalSection(ExtensibilityGlobals) = postSolution
		SolutionGuid = {252834F2-9933-45A8-AC3A-748EDD045EC5}
	EndGlobalSection
EndGlobal
